
Microsoft Visual Studio Solution File, Format Version 12.00
# Visual Studio Version 17
VisualStudioVersion = 17.14.36623.8
MinimumVisualStudioVersion = 10.0.40219.1
Project("{2150E333-8FDC-42A3-9474-1A3956D46DE8}") = "src", "src", "{02EA681E-C7D8-13C7-8484-4AC65E1B71E8}"
EndProject
Project("{2150E333-8FDC-42A3-9474-1A3956D46DE8}") = "tests", "tests", "{32B47648-739D-4769-B841-AFA941AF785D}"
EndProject
Project("{2150E333-8FDC-42A3-9474-1A3956D46DE8}") = "docker", "docker", "{F8669ACB-CFC3-4EBA-BB03-C6D890D22333}"
	ProjectSection(SolutionItems) = preProject
		docker-compose.yml = docker-compose.yml
	EndProjectSection
EndProject
Project("{2150E333-8FDC-42A3-9474-1A3956D46DE8}") = "scripts", "scripts", "{0FF926B5-CBDF-4510-BE18-47689EC21065}"
EndProject
Project("{FAE04EC0-301F-11D3-BF4B-00C04F79EFBC}") = "OrderTracking.Shared", "src\OrderTracking.Shared\OrderTracking.Shared.csproj", "{AB8C7DE2-0E27-41DF-9286-30A676A8053E}"
EndProject
Project("{FAE04EC0-301F-11D3-BF4B-00C04F79EFBC}") = "OrderTracking.Application", "src\OrderTracking.Application\OrderTracking.Application.csproj", "{F52C38CB-4571-4126-A8CC-BEDEBE792A28}"
EndProject
Project("{FAE04EC0-301F-11D3-BF4B-00C04F79EFBC}") = "OrderTracking.API", "src\OrderTracking.API\OrderTracking.API.csproj", "{31DA18AE-1A61-8E41-0EE0-4F00D8ABFC42}"
EndProject
Project("{FAE04EC0-301F-11D3-BF4B-00C04F79EFBC}") = "OrderTracking.Domain", "src\OrderTracking.Domain\OrderTracking.Domain.csproj", "{957C5159-05F5-35DB-D011-233759D1E902}"
EndProject
Project("{FAE04EC0-301F-11D3-BF4B-00C04F79EFBC}") = "OrderTracking.Infrastructure", "src\OrderTracking.Infrastructure\OrderTracking.Infrastructure.csproj", "{E40424E6-F2DF-D067-6DA6-442FC5B33C8D}"
EndProject
Project("{FAE04EC0-301F-11D3-BF4B-00C04F79EFBC}") = "OrderTracking.Worker", "src\OrderTracking.Worker\OrderTracking.Worker.csproj", "{A268A59F-9684-46B7-AE57-A3515E110EA0}"
EndProject
Project("{FAE04EC0-301F-11D3-BF4B-00C04F79EFBC}") = "OrderTracking.UnitTests", "tests\OrderTracking.UnitTests\OrderTracking.UnitTests.csproj", "{04EC3499-1B32-4CEA-B70A-8AE859FFE42F}"
EndProject
Project("{FAE04EC0-301F-11D3-BF4B-00C04F79EFBC}") = "OrderTracking.IntegrationTests", "tests\OrderTracking.IntegrationTests\OrderTracking.IntegrationTests.csproj", "{B670890D-00AD-44B9-9836-5AB7BC0AFA5E}"
EndProject
Global
	GlobalSection(SolutionConfigurationPlatforms) = preSolution
		Debug|Any CPU = Debug|Any CPU
		Release|Any CPU = Release|Any CPU
	EndGlobalSection
	GlobalSection(ProjectConfigurationPlatforms) = postSolution
		{AB8C7DE2-0E27-41DF-9286-30A676A8053E}.Debug|Any CPU.ActiveCfg = Debug|Any CPU
		{AB8C7DE2-0E27-41DF-9286-30A676A8053E}.Debug|Any CPU.Build.0 = Debug|Any CPU
		{AB8C7DE2-0E27-41DF-9286-30A676A8053E}.Release|Any CPU.ActiveCfg = Release|Any CPU
		{AB8C7DE2-0E27-41DF-9286-30A676A8053E}.Release|Any CPU.Build.0 = Release|Any CPU
		{F52C38CB-4571-4126-A8CC-BEDEBE792A28}.Debug|Any CPU.ActiveCfg = Debug|Any CPU
		{F52C38CB-4571-4126-A8CC-BEDEBE792A28}.Debug|Any CPU.Build.0 = Debug|Any CPU
		{F52C38CB-4571-4126-A8CC-BEDEBE792A28}.Release|Any CPU.ActiveCfg = Release|Any CPU
		{F52C38CB-4571-4126-A8CC-BEDEBE792A28}.Release|Any CPU.Build.0 = Release|Any CPU
		{31DA18AE-1A61-8E41-0EE0-4F00D8ABFC42}.Debug|Any CPU.ActiveCfg = Debug|Any CPU
		{31DA18AE-1A61-8E41-0EE0-4F00D8ABFC42}.Debug|Any CPU.Build.0 = Debug|Any CPU
		{31DA18AE-1A61-8E41-0EE0-4F00D8ABFC42}.Release|Any CPU.ActiveCfg = Release|Any CPU
		{31DA18AE-1A61-8E41-0EE0-4F00D8ABFC42}.Release|Any CPU.Build.0 = Release|Any CPU
		{957C5159-05F5-35DB-D011-233759D1E902}.Debug|Any CPU.ActiveCfg = Debug|Any CPU
		{957C5159-05F5-35DB-D011-233759D1E902}.Debug|Any CPU.Build.0 = Debug|Any CPU
		{957C5159-05F5-35DB-D011-233759D1E902}.Release|Any CPU.ActiveCfg = Release|Any CPU
		{957C5159-05F5-35DB-D011-233759D1E902}.Release|Any CPU.Build.0 = Release|Any CPU
		{E40424E6-F2DF-D067-6DA6-442FC5B33C8D}.Debug|Any CPU.ActiveCfg = Debug|Any CPU
		{E40424E6-F2DF-D067-6DA6-442FC5B33C8D}.Debug|Any CPU.Build.0 = Debug|Any CPU
		{E40424E6-F2DF-D067-6DA6-442FC5B33C8D}.Release|Any CPU.ActiveCfg = Release|Any CPU
		{E40424E6-F2DF-D067-6DA6-442FC5B33C8D}.Release|Any CPU.Build.0 = Release|Any CPU
		{A268A59F-9684-46B7-AE57-A3515E110EA0}.Debug|Any CPU.ActiveCfg = Debug|Any CPU
		{A268A59F-9684-46B7-AE57-A3515E110EA0}.Debug|Any CPU.Build.0 = Debug|Any CPU
		{A268A59F-9684-46B7-AE57-A3515E110EA0}.Release|Any CPU.ActiveCfg = Release|Any CPU
		{A268A59F-9684-46B7-AE57-A3515E110EA0}.Release|Any CPU.Build.0 = Release|Any CPU
		{04EC3499-1B32-4CEA-B70A-8AE859FFE42F}.Debug|Any CPU.ActiveCfg = Debug|Any CPU
		{04EC3499-1B32-4CEA-B70A-8AE859FFE42F}.Debug|Any CPU.Build.0 = Debug|Any CPU
		{04EC3499-1B32-4CEA-B70A-8AE859FFE42F}.Release|Any CPU.ActiveCfg = Release|Any CPU
		{04EC3499-1B32-4CEA-B70A-8AE859FFE42F}.Release|Any CPU.Build.0 = Release|Any CPU
		{B670890D-00AD-44B9-9836-5AB7BC0AFA5E}.Debug|Any CPU.ActiveCfg = Debug|Any CPU
		{B670890D-00AD-44B9-9836-5AB7BC0AFA5E}.Debug|Any CPU.Build.0 = Debug|Any CPU
		{B670890D-00AD-44B9-9836-5AB7BC0AFA5E}.Release|Any CPU.ActiveCfg = Release|Any CPU
		{B670890D-00AD-44B9-9836-5AB7BC0AFA5E}.Release|Any CPU.Build.0 = Release|Any CPU
	EndGlobalSection
	GlobalSection(SolutionProperties) = preSolution
		HideSolutionNode = FALSE
	EndGlobalSection
	GlobalSection(NestedProjects) = preSolution
		{AB8C7DE2-0E27-41DF-9286-30A676A8053E} = {02EA681E-C7D8-13C7-8484-4AC65E1B71E8}
		{F52C38CB-4571-4126-A8CC-BEDEBE792A28} = {02EA681E-C7D8-13C7-8484-4AC65E1B71E8}
		{31DA18AE-1A61-8E41-0EE0-4F00D8ABFC42} = {02EA681E-C7D8-13C7-8484-4AC65E1B71E8}
		{957C5159-05F5-35DB-D011-233759D1E902} = {02EA681E-C7D8-13C7-8484-4AC65E1B71E8}
		{E40424E6-F2DF-D067-6DA6-442FC5B33C8D} = {02EA681E-C7D8-13C7-8484-4AC65E1B71E8}
		{A268A59F-9684-46B7-AE57-A3515E110EA0} = {02EA681E-C7D8-13C7-8484-4AC65E1B71E8}
		{04EC3499-1B32-4CEA-B70A-8AE859FFE42F} = {32B47648-739D-4769-B841-AFA941AF785D}
		{B670890D-00AD-44B9-9836-5AB7BC0AFA5E} = {32B47648-739D-4769-B841-AFA941AF785D}
	EndGlobalSection
	GlobalSection(ExtensibilityGlobals) = postSolution
		SolutionGuid = {A57B6443-FB52-4EB2-A5FB-EA692BFD6EF6}
	EndGlobalSection
EndGlobal
